
Microsoft Visual Studio Solution File, Format Version 12.00
# Visual Studio Version 17
VisualStudioVersion = 17.6.33829.357
MinimumVisualStudioVersion = 10.0.40219.1
Project("{FAE04EC0-301F-11D3-BF4B-00C04F79EFBC}") = "HashAndTrees", "HashAndTrees.csproj", "{1AD7E4DD-50C5-4305-8ADA-E9447306061A}"
EndProject
Global
	GlobalSection(SolutionConfigurationPlatforms) = preSolution
		Debug|Any CPU = Debug|Any CPU
		Release|Any CPU = Release|Any CPU
	EndGlobalSection
	GlobalSection(ProjectConfigurationPlatforms) = postSolution
		{1AD7E4DD-50C5-4305-8ADA-E9447306061A}.Debug|Any CPU.ActiveCfg = Debug|Any CPU
		{1AD7E4DD-50C5-4305-8ADA-E9447306061A}.Debug|Any CPU.Build.0 = Debug|Any CPU
		{1AD7E4DD-50C5-4305-8ADA-E9447306061A}.Release|Any CPU.ActiveCfg = Release|Any CPU
		{1AD7E4DD-50C5-4305-8ADA-E9447306061A}.Release|Any CPU.Build.0 = Release|Any CPU
	EndGlobalSection
	GlobalSection(SolutionProperties) = preSolution
		HideSolutionNode = FALSE
	EndGlobalSection
	GlobalSection(ExtensibilityGlobals) = postSolution
		SolutionGuid = {141CF66C-29C8-4F7C-9263-F816570B3A3E}
	EndGlobalSection
EndGlobal
